
Microsoft Visual Studio Solution File, Format Version 12.00
# Visual Studio Version 17
VisualStudioVersion = 17.5.33516.290
MinimumVisualStudioVersion = 10.0.40219.1
Project("{FAE04EC0-301F-11D3-BF4B-00C04F79EFBC}") = "BLL", "BLL\BLL.csproj", "{466E3AE8-FB21-4CD5-9ABB-39080E749990}"
EndProject
Project("{FAE04EC0-301F-11D3-BF4B-00C04F79EFBC}") = "Tests", "Tests\Tests.csproj", "{1D8F6006-CC03-4884-8279-4ED985E37C16}"
EndProject
Global
	GlobalSection(SolutionConfigurationPlatforms) = preSolution
		Debug|Any CPU = Debug|Any CPU
		Release|Any CPU = Release|Any CPU
	EndGlobalSection
	GlobalSection(ProjectConfigurationPlatforms) = postSolution
		{466E3AE8-FB21-4CD5-9ABB-39080E749990}.Debug|Any CPU.ActiveCfg = Debug|Any CPU
		{466E3AE8-FB21-4CD5-9ABB-39080E749990}.Debug|Any CPU.Build.0 = Debug|Any CPU
		{466E3AE8-FB21-4CD5-9ABB-39080E749990}.Release|Any CPU.ActiveCfg = Release|Any CPU
		{466E3AE8-FB21-4CD5-9ABB-39080E749990}.Release|Any CPU.Build.0 = Release|Any CPU
		{1D8F6006-CC03-4884-8279-4ED985E37C16}.Debug|Any CPU.ActiveCfg = Debug|Any CPU
		{1D8F6006-CC03-4884-8279-4ED985E37C16}.Debug|Any CPU.Build.0 = Debug|Any CPU
		{1D8F6006-CC03-4884-8279-4ED985E37C16}.Release|Any CPU.ActiveCfg = Release|Any CPU
		{1D8F6006-CC03-4884-8279-4ED985E37C16}.Release|Any CPU.Build.0 = Release|Any CPU
	EndGlobalSection
	GlobalSection(SolutionProperties) = preSolution
		HideSolutionNode = FALSE
	EndGlobalSection
	GlobalSection(ExtensibilityGlobals) = postSolution
		SolutionGuid = {93A28168-616E-4042-BE2C-0C51029E13B5}
	EndGlobalSection
EndGlobal
